
Microsoft Visual Studio Solution File, Format Version 12.00
# Visual Studio Version 17
VisualStudioVersion = 17.0.32002.185
MinimumVisualStudioVersion = 10.0.40219.1
Project("{2150E333-8FDC-42A3-9474-1A3956D46DE8}") = "src", "src", "{5A95E085-721C-4616-A39A-693B98B6FE33}"
EndProject
Project("{2150E333-8FDC-42A3-9474-1A3956D46DE8}") = "ApiGateways", "ApiGateways", "{F83C301E-7890-4252-A6B5-F1076BC04A4F}"
EndProject
Project("{2150E333-8FDC-42A3-9474-1A3956D46DE8}") = "BuildingBlocks", "BuildingBlocks", "{58E673DC-B7E7-404E-915C-5D4164EAE103}"
EndProject
Project("{2150E333-8FDC-42A3-9474-1A3956D46DE8}") = "Services", "Services", "{1619B806-B35C-4146-BA98-013FC0A95702}"
EndProject
Project("{2150E333-8FDC-42A3-9474-1A3956D46DE8}") = "Web Apps", "Web Apps", "{BF95C44C-133D-418E-86D6-C4A9DD3B4D9F}"
EndProject
Project("{2150E333-8FDC-42A3-9474-1A3956D46DE8}") = "Test", "Test", "{38BF2BA2-F8DA-40B6-AFB8-F4337FFEF30A}"
EndProject
Project("{2150E333-8FDC-42A3-9474-1A3956D46DE8}") = "CoreProcess", "CoreProcess", "{75308A23-4818-4DB6-A457-D4B7945C0CC1}"
EndProject
Project("{2150E333-8FDC-42A3-9474-1A3956D46DE8}") = "Create", "Create", "{E55D0D8E-EE92-4873-880D-79E3BA63C431}"
EndProject
Project("{2150E333-8FDC-42A3-9474-1A3956D46DE8}") = "Read", "Read", "{CECCC5A9-DA36-421C-BD81-CA0CFC63BCC6}"
EndProject
Project("{2150E333-8FDC-42A3-9474-1A3956D46DE8}") = "Update", "Update", "{3805DDFB-1849-4756-AAC5-3B8E9CB55F35}"
EndProject
Project("{2150E333-8FDC-42A3-9474-1A3956D46DE8}") = "Delete", "Delete", "{2C24406F-C3E6-4B16-B01E-240F35977308}"
EndProject
Project("{2150E333-8FDC-42A3-9474-1A3956D46DE8}") = "dapr", "dapr", "{19765E74-C8DD-428B-8BF9-C4B046E68A83}"
EndProject
Project("{2150E333-8FDC-42A3-9474-1A3956D46DE8}") = "components", "components", "{40344259-FAAB-4A09-8C61-205D02DB096B}"
	ProjectSection(SolutionItems) = preProject
		pubsub.yaml = pubsub.yaml
		statestore.yaml = statestore.yaml
	EndProjectSection
EndProject
Project("{9A19103F-16F7-4668-BE54-9A1E7A4F7556}") = "Web.Actions.Aggregator", "Web.Actions.Aggregator\Web.Actions.Aggregator.csproj", "{68F05DFD-964E-4FDB-BF72-C716E691242A}"
EndProject
Project("{2150E333-8FDC-42A3-9474-1A3956D46DE8}") = "External", "External", "{DDA6271E-6FAF-4AF7-B9EC-B7746218A403}"
EndProject
Project("{2150E333-8FDC-42A3-9474-1A3956D46DE8}") = "global", "global", "{38F19631-E7D1-493F-BF33-1EF2BFD40D8E}"
EndProject
Project("{9A19103F-16F7-4668-BE54-9A1E7A4F7556}") = "WebMVC", "WebMVC\WebMVC.csproj", "{46B0CED0-6D4D-4429-99E9-0C72D54F2B11}"
EndProject
Project("{2150E333-8FDC-42A3-9474-1A3956D46DE8}") = "Setting Apps", "Setting Apps", "{AB140E8A-B3A1-4C7B-9ECA-49B069765B4D}"
EndProject
Project("{9A19103F-16F7-4668-BE54-9A1E7A4F7556}") = "Management.Web", "Management.Web\Management.Web.csproj", "{C1EA306F-953F-4B3B-8C8D-A1A2FAF1FB37}"
EndProject
Project("{9A19103F-16F7-4668-BE54-9A1E7A4F7556}") = "Management.WebAPI", "Management.WebAPI\Management.WebAPI.csproj", "{EEFD84C2-E7B1-46F2-9836-226EF91EEEC5}"
EndProject
Project("{9A19103F-16F7-4668-BE54-9A1E7A4F7556}") = "RuleCollections.API", "RuleCollections.API\RuleCollections.API.csproj", "{CD12E205-B28A-45B4-9CE1-EE526C307838}"
EndProject
Project("{9A19103F-16F7-4668-BE54-9A1E7A4F7556}") = "CreateCollections.API", "CreateCollections.API\CreateCollections.API.csproj", "{A4961C34-C9B8-4B40-A97A-336461824F27}"
EndProject
Project("{2150E333-8FDC-42A3-9474-1A3956D46DE8}") = "Transaction", "Transaction", "{67C4D13F-D3BA-4416-ADDA-141FAB5EB548}"
EndProject
Project("{2150E333-8FDC-42A3-9474-1A3956D46DE8}") = "SystemIO", "SystemIO", "{94AA7CE5-A139-4BBB-9EA6-4A27C4BC1349}"
EndProject
Project("{2150E333-8FDC-42A3-9474-1A3956D46DE8}") = "Logic", "Logic", "{5CB9ED6A-D13D-46DC-9F75-B3BF925E56B9}"
EndProject
Project("{9A19103F-16F7-4668-BE54-9A1E7A4F7556}") = "InitialCollections.API", "InitialCollections.API\InitialCollections.API.csproj", "{0C5DEB27-91B6-4FDD-8954-F74CE711DDD8}"
EndProject
Project("{E53339B2-1760-4266-BCC7-CA923CBCF16C}") = "docker-compose", "docker-compose.dcproj", "{F52AA613-06F8-4D2F-A351-F2C7D879596F}"
EndProject
Project("{2150E333-8FDC-42A3-9474-1A3956D46DE8}") = "Protos", "Protos", "{6A460D18-1689-45E6-BB29-2152FA0D9AD5}"
	ProjectSection(SolutionItems) = preProject
		wheather.proto = wheather.proto
	EndProjectSection
EndProject
Global
	GlobalSection(SolutionConfigurationPlatforms) = preSolution
		Debug|Any CPU = Debug|Any CPU
		Release|Any CPU = Release|Any CPU
	EndGlobalSection
	GlobalSection(ProjectConfigurationPlatforms) = postSolution
		{68F05DFD-964E-4FDB-BF72-C716E691242A}.Debug|Any CPU.ActiveCfg = Debug|Any CPU
		{68F05DFD-964E-4FDB-BF72-C716E691242A}.Debug|Any CPU.Build.0 = Debug|Any CPU
		{68F05DFD-964E-4FDB-BF72-C716E691242A}.Release|Any CPU.ActiveCfg = Release|Any CPU
		{68F05DFD-964E-4FDB-BF72-C716E691242A}.Release|Any CPU.Build.0 = Release|Any CPU
		{46B0CED0-6D4D-4429-99E9-0C72D54F2B11}.Debug|Any CPU.ActiveCfg = Debug|Any CPU
		{46B0CED0-6D4D-4429-99E9-0C72D54F2B11}.Debug|Any CPU.Build.0 = Debug|Any CPU
		{46B0CED0-6D4D-4429-99E9-0C72D54F2B11}.Release|Any CPU.ActiveCfg = Release|Any CPU
		{46B0CED0-6D4D-4429-99E9-0C72D54F2B11}.Release|Any CPU.Build.0 = Release|Any CPU
		{C1EA306F-953F-4B3B-8C8D-A1A2FAF1FB37}.Debug|Any CPU.ActiveCfg = Debug|Any CPU
		{C1EA306F-953F-4B3B-8C8D-A1A2FAF1FB37}.Debug|Any CPU.Build.0 = Debug|Any CPU
		{C1EA306F-953F-4B3B-8C8D-A1A2FAF1FB37}.Release|Any CPU.ActiveCfg = Release|Any CPU
		{C1EA306F-953F-4B3B-8C8D-A1A2FAF1FB37}.Release|Any CPU.Build.0 = Release|Any CPU
		{EEFD84C2-E7B1-46F2-9836-226EF91EEEC5}.Debug|Any CPU.ActiveCfg = Debug|Any CPU
		{EEFD84C2-E7B1-46F2-9836-226EF91EEEC5}.Debug|Any CPU.Build.0 = Debug|Any CPU
		{EEFD84C2-E7B1-46F2-9836-226EF91EEEC5}.Release|Any CPU.ActiveCfg = Release|Any CPU
		{EEFD84C2-E7B1-46F2-9836-226EF91EEEC5}.Release|Any CPU.Build.0 = Release|Any CPU
		{CD12E205-B28A-45B4-9CE1-EE526C307838}.Debug|Any CPU.ActiveCfg = Debug|Any CPU
		{CD12E205-B28A-45B4-9CE1-EE526C307838}.Debug|Any CPU.Build.0 = Debug|Any CPU
		{CD12E205-B28A-45B4-9CE1-EE526C307838}.Release|Any CPU.ActiveCfg = Release|Any CPU
		{CD12E205-B28A-45B4-9CE1-EE526C307838}.Release|Any CPU.Build.0 = Release|Any CPU
		{A4961C34-C9B8-4B40-A97A-336461824F27}.Debug|Any CPU.ActiveCfg = Debug|Any CPU
		{A4961C34-C9B8-4B40-A97A-336461824F27}.Debug|Any CPU.Build.0 = Debug|Any CPU
		{A4961C34-C9B8-4B40-A97A-336461824F27}.Release|Any CPU.ActiveCfg = Release|Any CPU
		{A4961C34-C9B8-4B40-A97A-336461824F27}.Release|Any CPU.Build.0 = Release|Any CPU
		{0C5DEB27-91B6-4FDD-8954-F74CE711DDD8}.Debug|Any CPU.ActiveCfg = Debug|Any CPU
		{0C5DEB27-91B6-4FDD-8954-F74CE711DDD8}.Debug|Any CPU.Build.0 = Debug|Any CPU
		{0C5DEB27-91B6-4FDD-8954-F74CE711DDD8}.Release|Any CPU.ActiveCfg = Release|Any CPU
		{0C5DEB27-91B6-4FDD-8954-F74CE711DDD8}.Release|Any CPU.Build.0 = Release|Any CPU
		{F52AA613-06F8-4D2F-A351-F2C7D879596F}.Debug|Any CPU.ActiveCfg = Debug|Any CPU
		{F52AA613-06F8-4D2F-A351-F2C7D879596F}.Debug|Any CPU.Build.0 = Debug|Any CPU
		{F52AA613-06F8-4D2F-A351-F2C7D879596F}.Release|Any CPU.ActiveCfg = Release|Any CPU
		{F52AA613-06F8-4D2F-A351-F2C7D879596F}.Release|Any CPU.Build.0 = Release|Any CPU
	EndGlobalSection
	GlobalSection(SolutionProperties) = preSolution
		HideSolutionNode = FALSE
	EndGlobalSection
	GlobalSection(NestedProjects) = preSolution
		{F83C301E-7890-4252-A6B5-F1076BC04A4F} = {BF95C44C-133D-418E-86D6-C4A9DD3B4D9F}
		{58E673DC-B7E7-404E-915C-5D4164EAE103} = {BF95C44C-133D-418E-86D6-C4A9DD3B4D9F}
		{1619B806-B35C-4146-BA98-013FC0A95702} = {BF95C44C-133D-418E-86D6-C4A9DD3B4D9F}
		{BF95C44C-133D-418E-86D6-C4A9DD3B4D9F} = {5A95E085-721C-4616-A39A-693B98B6FE33}
		{75308A23-4818-4DB6-A457-D4B7945C0CC1} = {1619B806-B35C-4146-BA98-013FC0A95702}
		{E55D0D8E-EE92-4873-880D-79E3BA63C431} = {1619B806-B35C-4146-BA98-013FC0A95702}
		{CECCC5A9-DA36-421C-BD81-CA0CFC63BCC6} = {1619B806-B35C-4146-BA98-013FC0A95702}
		{3805DDFB-1849-4756-AAC5-3B8E9CB55F35} = {1619B806-B35C-4146-BA98-013FC0A95702}
		{2C24406F-C3E6-4B16-B01E-240F35977308} = {1619B806-B35C-4146-BA98-013FC0A95702}
		{40344259-FAAB-4A09-8C61-205D02DB096B} = {19765E74-C8DD-428B-8BF9-C4B046E68A83}
		{68F05DFD-964E-4FDB-BF72-C716E691242A} = {F83C301E-7890-4252-A6B5-F1076BC04A4F}
		{DDA6271E-6FAF-4AF7-B9EC-B7746218A403} = {75308A23-4818-4DB6-A457-D4B7945C0CC1}
		{46B0CED0-6D4D-4429-99E9-0C72D54F2B11} = {BF95C44C-133D-418E-86D6-C4A9DD3B4D9F}
		{AB140E8A-B3A1-4C7B-9ECA-49B069765B4D} = {5A95E085-721C-4616-A39A-693B98B6FE33}
		{C1EA306F-953F-4B3B-8C8D-A1A2FAF1FB37} = {AB140E8A-B3A1-4C7B-9ECA-49B069765B4D}
		{EEFD84C2-E7B1-46F2-9836-226EF91EEEC5} = {AB140E8A-B3A1-4C7B-9ECA-49B069765B4D}
		{CD12E205-B28A-45B4-9CE1-EE526C307838} = {5CB9ED6A-D13D-46DC-9F75-B3BF925E56B9}
		{A4961C34-C9B8-4B40-A97A-336461824F27} = {E55D0D8E-EE92-4873-880D-79E3BA63C431}
		{67C4D13F-D3BA-4416-ADDA-141FAB5EB548} = {75308A23-4818-4DB6-A457-D4B7945C0CC1}
		{94AA7CE5-A139-4BBB-9EA6-4A27C4BC1349} = {75308A23-4818-4DB6-A457-D4B7945C0CC1}
		{5CB9ED6A-D13D-46DC-9F75-B3BF925E56B9} = {75308A23-4818-4DB6-A457-D4B7945C0CC1}
		{0C5DEB27-91B6-4FDD-8954-F74CE711DDD8} = {5CB9ED6A-D13D-46DC-9F75-B3BF925E56B9}
		{6A460D18-1689-45E6-BB29-2152FA0D9AD5} = {BF95C44C-133D-418E-86D6-C4A9DD3B4D9F}
	EndGlobalSection
	GlobalSection(ExtensibilityGlobals) = postSolution
		SolutionGuid = {558E31DA-7255-40CA-B269-3DDAFCC53D56}
	EndGlobalSection
EndGlobal
