
Microsoft Visual Studio Solution File, Format Version 12.00
# Visual Studio Version 17
VisualStudioVersion = 17.0.32002.185
MinimumVisualStudioVersion = 10.0.40219.1
Project("{FAE04EC0-301F-11D3-BF4B-00C04F79EFBC}") = "EnterpriseFrontendPlatform", "EnterpriseFrontendPlatform\EnterpriseFrontendPlatform.csproj", "{7A521370-3A68-41FC-A169-01FC9AF49E05}"
EndProject
Project("{2150E333-8FDC-42A3-9474-1A3956D46DE8}") = "src", "src", "{5A95E085-721C-4616-A39A-693B98B6FE33}"
EndProject
Project("{2150E333-8FDC-42A3-9474-1A3956D46DE8}") = "ApiGateways", "ApiGateways", "{F83C301E-7890-4252-A6B5-F1076BC04A4F}"
EndProject
Project("{2150E333-8FDC-42A3-9474-1A3956D46DE8}") = "BuildingBlocks", "BuildingBlocks", "{58E673DC-B7E7-404E-915C-5D4164EAE103}"
EndProject
Project("{2150E333-8FDC-42A3-9474-1A3956D46DE8}") = "Services", "Services", "{1619B806-B35C-4146-BA98-013FC0A95702}"
EndProject
Project("{2150E333-8FDC-42A3-9474-1A3956D46DE8}") = "Web", "Web", "{BF95C44C-133D-418E-86D6-C4A9DD3B4D9F}"
EndProject
Project("{2150E333-8FDC-42A3-9474-1A3956D46DE8}") = "Test", "Test", "{38BF2BA2-F8DA-40B6-AFB8-F4337FFEF30A}"
EndProject
Project("{2150E333-8FDC-42A3-9474-1A3956D46DE8}") = "AlgorithmLogic", "AlgorithmLogic", "{75308A23-4818-4DB6-A457-D4B7945C0CC1}"
EndProject
Project("{2150E333-8FDC-42A3-9474-1A3956D46DE8}") = "Create", "Create", "{E55D0D8E-EE92-4873-880D-79E3BA63C431}"
EndProject
Project("{2150E333-8FDC-42A3-9474-1A3956D46DE8}") = "Read", "Read", "{CECCC5A9-DA36-421C-BD81-CA0CFC63BCC6}"
EndProject
Project("{2150E333-8FDC-42A3-9474-1A3956D46DE8}") = "Update", "Update", "{3805DDFB-1849-4756-AAC5-3B8E9CB55F35}"
EndProject
Project("{2150E333-8FDC-42A3-9474-1A3956D46DE8}") = "Delete", "Delete", "{2C24406F-C3E6-4B16-B01E-240F35977308}"
EndProject
Global
	GlobalSection(SolutionConfigurationPlatforms) = preSolution
		Debug|Any CPU = Debug|Any CPU
		Release|Any CPU = Release|Any CPU
	EndGlobalSection
	GlobalSection(ProjectConfigurationPlatforms) = postSolution
		{7A521370-3A68-41FC-A169-01FC9AF49E05}.Debug|Any CPU.ActiveCfg = Debug|Any CPU
		{7A521370-3A68-41FC-A169-01FC9AF49E05}.Debug|Any CPU.Build.0 = Debug|Any CPU
		{7A521370-3A68-41FC-A169-01FC9AF49E05}.Release|Any CPU.ActiveCfg = Release|Any CPU
		{7A521370-3A68-41FC-A169-01FC9AF49E05}.Release|Any CPU.Build.0 = Release|Any CPU
	EndGlobalSection
	GlobalSection(SolutionProperties) = preSolution
		HideSolutionNode = FALSE
	EndGlobalSection
	GlobalSection(NestedProjects) = preSolution
		{F83C301E-7890-4252-A6B5-F1076BC04A4F} = {5A95E085-721C-4616-A39A-693B98B6FE33}
		{58E673DC-B7E7-404E-915C-5D4164EAE103} = {5A95E085-721C-4616-A39A-693B98B6FE33}
		{1619B806-B35C-4146-BA98-013FC0A95702} = {5A95E085-721C-4616-A39A-693B98B6FE33}
		{BF95C44C-133D-418E-86D6-C4A9DD3B4D9F} = {5A95E085-721C-4616-A39A-693B98B6FE33}
		{75308A23-4818-4DB6-A457-D4B7945C0CC1} = {1619B806-B35C-4146-BA98-013FC0A95702}
		{E55D0D8E-EE92-4873-880D-79E3BA63C431} = {1619B806-B35C-4146-BA98-013FC0A95702}
		{CECCC5A9-DA36-421C-BD81-CA0CFC63BCC6} = {1619B806-B35C-4146-BA98-013FC0A95702}
		{3805DDFB-1849-4756-AAC5-3B8E9CB55F35} = {1619B806-B35C-4146-BA98-013FC0A95702}
		{2C24406F-C3E6-4B16-B01E-240F35977308} = {1619B806-B35C-4146-BA98-013FC0A95702}
	EndGlobalSection
	GlobalSection(ExtensibilityGlobals) = postSolution
		SolutionGuid = {558E31DA-7255-40CA-B269-3DDAFCC53D56}
	EndGlobalSection
EndGlobal
