
Microsoft Visual Studio Solution File, Format Version 12.00
# Visual Studio Version 17
VisualStudioVersion = 17.0.32002.185
MinimumVisualStudioVersion = 10.0.40219.1
Project("{2150E333-8FDC-42A3-9474-1A3956D46DE8}") = "dapr", "dapr", "{19765E74-C8DD-428B-8BF9-C4B046E68A83}"
EndProject
Project("{2150E333-8FDC-42A3-9474-1A3956D46DE8}") = "components", "components", "{40344259-FAAB-4A09-8C61-205D02DB096B}"
	ProjectSection(SolutionItems) = preProject
		dapr\components\ehr_httpbinding.yaml = dapr\components\ehr_httpbinding.yaml
		dapr\components\pubsub.yaml = dapr\components\pubsub.yaml
		dapr\components\statestore.yaml = dapr\components\statestore.yaml
	EndProjectSection
EndProject
Project("{2150E333-8FDC-42A3-9474-1A3956D46DE8}") = "src", "src", "{5A95E085-721C-4616-A39A-693B98B6FE33}"
EndProject
Project("{2150E333-8FDC-42A3-9474-1A3956D46DE8}") = "Lib", "Lib", "{DC1D4E91-AD1C-4DBA-9700-B9621DF86370}"
EndProject
Project("{2150E333-8FDC-42A3-9474-1A3956D46DE8}") = "Setting Apps", "Setting Apps", "{AB140E8A-B3A1-4C7B-9ECA-49B069765B4D}"
EndProject
Project("{2150E333-8FDC-42A3-9474-1A3956D46DE8}") = "Tools", "Tools", "{69C3B907-346F-4F3A-87A6-7D6A1F1085FB}"
EndProject
Project("{2150E333-8FDC-42A3-9474-1A3956D46DE8}") = "Web Apps", "Web Apps", "{BF95C44C-133D-418E-86D6-C4A9DD3B4D9F}"
EndProject
Project("{2150E333-8FDC-42A3-9474-1A3956D46DE8}") = "ApiGateways", "ApiGateways", "{F83C301E-7890-4252-A6B5-F1076BC04A4F}"
EndProject
Project("{2150E333-8FDC-42A3-9474-1A3956D46DE8}") = "BuildingBlocks", "BuildingBlocks", "{58E673DC-B7E7-404E-915C-5D4164EAE103}"
EndProject
Project("{2150E333-8FDC-42A3-9474-1A3956D46DE8}") = "Protos", "Protos", "{6A460D18-1689-45E6-BB29-2152FA0D9AD5}"
	ProjectSection(SolutionItems) = preProject
		src\Web Apps\Protos\wheather.proto = src\Web Apps\Protos\wheather.proto
	EndProjectSection
EndProject
Project("{2150E333-8FDC-42A3-9474-1A3956D46DE8}") = "Services", "Services", "{1619B806-B35C-4146-BA98-013FC0A95702}"
EndProject
Project("{9A19103F-16F7-4668-BE54-9A1E7A4F7556}") = "HtmlConvertTool", "src\Setting Apps\Tools\HtmlConvertTool\HtmlConvertTool.csproj", "{6DA06396-9D53-4619-BE63-657C414356A5}"
EndProject
Project("{9A19103F-16F7-4668-BE54-9A1E7A4F7556}") = "Web.Actions.Aggregator", "src\Web Apps\ApiGateways\Web.Actions.Aggregator\Web.Actions.Aggregator.csproj", "{68F05DFD-964E-4FDB-BF72-C716E691242A}"
EndProject
Project("{E53339B2-1760-4266-BCC7-CA923CBCF16C}") = "docker-compose", "docker-compose.dcproj", "{F52AA613-06F8-4D2F-A351-F2C7D879596F}"
EndProject
Project("{9A19103F-16F7-4668-BE54-9A1E7A4F7556}") = "SJ.Convert", "src\Lib\Utilities\SJConvert\SJ.Convert.csproj", "{43B9541B-ED63-4A4C-80A1-D86F63B918CC}"
EndProject
Project("{9A19103F-16F7-4668-BE54-9A1E7A4F7556}") = "SJ.ObjectMapper", "src\Lib\Utilities\ObjectMapper\SJ.ObjectMapper.csproj", "{7746939F-DE07-4A71-8B77-4D0299AE3802}"
EndProject
Project("{9A19103F-16F7-4668-BE54-9A1E7A4F7556}") = "SJ.ActionEngine", "src\Lib\EFPCommon\SJ.ActionEngine\SJ.ActionEngine.csproj", "{0F9A3313-301F-429D-8475-0225B8DEA999}"
EndProject
Project("{9A19103F-16F7-4668-BE54-9A1E7A4F7556}") = "Aggregate", "src\Lib\EFPCommon\Aggregate\Aggregate.csproj", "{1F2E6AD7-5593-4784-82F4-E622A3E7A3A2}"
EndProject
Project("{2150E333-8FDC-42A3-9474-1A3956D46DE8}") = "Test", "Test", "{3797B295-E8C9-4590-9ADD-C3E85A916D1F}"
EndProject
Project("{9A19103F-16F7-4668-BE54-9A1E7A4F7556}") = "HR.Test", "src\Web Apps\Test\HR\HR.Test.csproj", "{1873AAD9-323D-4AF6-8D4F-2BA64E29C674}"
EndProject
Project("{2150E333-8FDC-42A3-9474-1A3956D46DE8}") = "EFPCommon", "EFPCommon", "{6AC1BAF2-4AA8-4BE8-AF3A-324DD8CBD979}"
EndProject
Project("{9A19103F-16F7-4668-BE54-9A1E7A4F7556}") = "Common", "src\Lib\EFPCommon\Common\Common.csproj", "{AF56331D-087C-4C30-B8B8-68129CA0D369}"
EndProject
Project("{9A19103F-16F7-4668-BE54-9A1E7A4F7556}") = "ManagementCollections.API", "src\Setting Apps\ManagementCollections.API\ManagementCollections.API.csproj", "{A7FB4C5E-B88B-4DDD-9D1B-2E3020C08642}"
EndProject
Project("{9A19103F-16F7-4668-BE54-9A1E7A4F7556}") = "Action.API", "src\Web Apps\Services\Action.API\Action.API.csproj", "{244B0130-AE93-4B4B-9CDA-DADD7BED7190}"
EndProject
Project("{2150E333-8FDC-42A3-9474-1A3956D46DE8}") = "Execution", "Execution", "{0036CD6F-A257-436F-9EFC-241E7C91D7A6}"
EndProject
Project("{2150E333-8FDC-42A3-9474-1A3956D46DE8}") = "External", "External", "{F58531BF-EF14-4F2B-BF11-710AB889B2D3}"
EndProject
Project("{9A19103F-16F7-4668-BE54-9A1E7A4F7556}") = "HttpClientAPI", "src\Web Apps\Services\Execution\External\HttpClient\HttpClientAPI.csproj", "{5888D44F-8943-41E7-BB0E-7C440367269D}"
EndProject
Project("{2150E333-8FDC-42A3-9474-1A3956D46DE8}") = "Logic", "Logic", "{CDC4E244-1052-43C4-9199-FF7A69CAD0E8}"
EndProject
Project("{9A19103F-16F7-4668-BE54-9A1E7A4F7556}") = "RuleCollections.API", "src\Web Apps\Services\Execution\Logic\RuleCollections.API\RuleCollections.API.csproj", "{D75F0CA6-5DDE-4875-A86E-7BACD83AE7D1}"
EndProject
Project("{9A19103F-16F7-4668-BE54-9A1E7A4F7556}") = "Calculate.API", "src\Web Apps\Services\Execution\Logic\Calculate.API\Calculate.API.csproj", "{5912F200-05DE-4927-A2EA-42A338735DCD}"
EndProject
Project("{2150E333-8FDC-42A3-9474-1A3956D46DE8}") = "Dapr", "Dapr", "{87C7C2B2-2788-486D-858D-2DE328265C59}"
EndProject
Project("{2150E333-8FDC-42A3-9474-1A3956D46DE8}") = "Utilities", "Utilities", "{3925AD1A-D3F5-468B-8089-7B09DCFE4206}"
EndProject
Global
	GlobalSection(SolutionConfigurationPlatforms) = preSolution
		Debug|Any CPU = Debug|Any CPU
		Release|Any CPU = Release|Any CPU
	EndGlobalSection
	GlobalSection(ProjectConfigurationPlatforms) = postSolution
		{6DA06396-9D53-4619-BE63-657C414356A5}.Debug|Any CPU.ActiveCfg = Debug|Any CPU
		{6DA06396-9D53-4619-BE63-657C414356A5}.Debug|Any CPU.Build.0 = Debug|Any CPU
		{6DA06396-9D53-4619-BE63-657C414356A5}.Release|Any CPU.ActiveCfg = Release|Any CPU
		{6DA06396-9D53-4619-BE63-657C414356A5}.Release|Any CPU.Build.0 = Release|Any CPU
		{68F05DFD-964E-4FDB-BF72-C716E691242A}.Debug|Any CPU.ActiveCfg = Debug|Any CPU
		{68F05DFD-964E-4FDB-BF72-C716E691242A}.Debug|Any CPU.Build.0 = Debug|Any CPU
		{68F05DFD-964E-4FDB-BF72-C716E691242A}.Release|Any CPU.ActiveCfg = Release|Any CPU
		{68F05DFD-964E-4FDB-BF72-C716E691242A}.Release|Any CPU.Build.0 = Release|Any CPU
		{F52AA613-06F8-4D2F-A351-F2C7D879596F}.Debug|Any CPU.ActiveCfg = Debug|Any CPU
		{F52AA613-06F8-4D2F-A351-F2C7D879596F}.Debug|Any CPU.Build.0 = Debug|Any CPU
		{F52AA613-06F8-4D2F-A351-F2C7D879596F}.Release|Any CPU.ActiveCfg = Release|Any CPU
		{F52AA613-06F8-4D2F-A351-F2C7D879596F}.Release|Any CPU.Build.0 = Release|Any CPU
		{43B9541B-ED63-4A4C-80A1-D86F63B918CC}.Debug|Any CPU.ActiveCfg = Debug|Any CPU
		{43B9541B-ED63-4A4C-80A1-D86F63B918CC}.Debug|Any CPU.Build.0 = Debug|Any CPU
		{43B9541B-ED63-4A4C-80A1-D86F63B918CC}.Release|Any CPU.ActiveCfg = Release|Any CPU
		{43B9541B-ED63-4A4C-80A1-D86F63B918CC}.Release|Any CPU.Build.0 = Release|Any CPU
		{7746939F-DE07-4A71-8B77-4D0299AE3802}.Debug|Any CPU.ActiveCfg = Debug|Any CPU
		{7746939F-DE07-4A71-8B77-4D0299AE3802}.Debug|Any CPU.Build.0 = Debug|Any CPU
		{7746939F-DE07-4A71-8B77-4D0299AE3802}.Release|Any CPU.ActiveCfg = Release|Any CPU
		{7746939F-DE07-4A71-8B77-4D0299AE3802}.Release|Any CPU.Build.0 = Release|Any CPU
		{0F9A3313-301F-429D-8475-0225B8DEA999}.Debug|Any CPU.ActiveCfg = Debug|Any CPU
		{0F9A3313-301F-429D-8475-0225B8DEA999}.Debug|Any CPU.Build.0 = Debug|Any CPU
		{0F9A3313-301F-429D-8475-0225B8DEA999}.Release|Any CPU.ActiveCfg = Release|Any CPU
		{0F9A3313-301F-429D-8475-0225B8DEA999}.Release|Any CPU.Build.0 = Release|Any CPU
		{1F2E6AD7-5593-4784-82F4-E622A3E7A3A2}.Debug|Any CPU.ActiveCfg = Debug|Any CPU
		{1F2E6AD7-5593-4784-82F4-E622A3E7A3A2}.Debug|Any CPU.Build.0 = Debug|Any CPU
		{1F2E6AD7-5593-4784-82F4-E622A3E7A3A2}.Release|Any CPU.ActiveCfg = Release|Any CPU
		{1F2E6AD7-5593-4784-82F4-E622A3E7A3A2}.Release|Any CPU.Build.0 = Release|Any CPU
		{1873AAD9-323D-4AF6-8D4F-2BA64E29C674}.Debug|Any CPU.ActiveCfg = Debug|Any CPU
		{1873AAD9-323D-4AF6-8D4F-2BA64E29C674}.Debug|Any CPU.Build.0 = Debug|Any CPU
		{1873AAD9-323D-4AF6-8D4F-2BA64E29C674}.Release|Any CPU.ActiveCfg = Release|Any CPU
		{1873AAD9-323D-4AF6-8D4F-2BA64E29C674}.Release|Any CPU.Build.0 = Release|Any CPU
		{AF56331D-087C-4C30-B8B8-68129CA0D369}.Debug|Any CPU.ActiveCfg = Debug|Any CPU
		{AF56331D-087C-4C30-B8B8-68129CA0D369}.Debug|Any CPU.Build.0 = Debug|Any CPU
		{AF56331D-087C-4C30-B8B8-68129CA0D369}.Release|Any CPU.ActiveCfg = Release|Any CPU
		{AF56331D-087C-4C30-B8B8-68129CA0D369}.Release|Any CPU.Build.0 = Release|Any CPU
		{A7FB4C5E-B88B-4DDD-9D1B-2E3020C08642}.Debug|Any CPU.ActiveCfg = Debug|Any CPU
		{A7FB4C5E-B88B-4DDD-9D1B-2E3020C08642}.Debug|Any CPU.Build.0 = Debug|Any CPU
		{A7FB4C5E-B88B-4DDD-9D1B-2E3020C08642}.Release|Any CPU.ActiveCfg = Release|Any CPU
		{A7FB4C5E-B88B-4DDD-9D1B-2E3020C08642}.Release|Any CPU.Build.0 = Release|Any CPU
		{244B0130-AE93-4B4B-9CDA-DADD7BED7190}.Debug|Any CPU.ActiveCfg = Debug|Any CPU
		{244B0130-AE93-4B4B-9CDA-DADD7BED7190}.Debug|Any CPU.Build.0 = Debug|Any CPU
		{244B0130-AE93-4B4B-9CDA-DADD7BED7190}.Release|Any CPU.ActiveCfg = Release|Any CPU
		{244B0130-AE93-4B4B-9CDA-DADD7BED7190}.Release|Any CPU.Build.0 = Release|Any CPU
		{5888D44F-8943-41E7-BB0E-7C440367269D}.Debug|Any CPU.ActiveCfg = Debug|Any CPU
		{5888D44F-8943-41E7-BB0E-7C440367269D}.Debug|Any CPU.Build.0 = Debug|Any CPU
		{5888D44F-8943-41E7-BB0E-7C440367269D}.Release|Any CPU.ActiveCfg = Release|Any CPU
		{5888D44F-8943-41E7-BB0E-7C440367269D}.Release|Any CPU.Build.0 = Release|Any CPU
		{D75F0CA6-5DDE-4875-A86E-7BACD83AE7D1}.Debug|Any CPU.ActiveCfg = Debug|Any CPU
		{D75F0CA6-5DDE-4875-A86E-7BACD83AE7D1}.Debug|Any CPU.Build.0 = Debug|Any CPU
		{D75F0CA6-5DDE-4875-A86E-7BACD83AE7D1}.Release|Any CPU.ActiveCfg = Release|Any CPU
		{D75F0CA6-5DDE-4875-A86E-7BACD83AE7D1}.Release|Any CPU.Build.0 = Release|Any CPU
		{5912F200-05DE-4927-A2EA-42A338735DCD}.Debug|Any CPU.ActiveCfg = Debug|Any CPU
		{5912F200-05DE-4927-A2EA-42A338735DCD}.Debug|Any CPU.Build.0 = Debug|Any CPU
		{5912F200-05DE-4927-A2EA-42A338735DCD}.Release|Any CPU.ActiveCfg = Release|Any CPU
		{5912F200-05DE-4927-A2EA-42A338735DCD}.Release|Any CPU.Build.0 = Release|Any CPU
	EndGlobalSection
	GlobalSection(SolutionProperties) = preSolution
		HideSolutionNode = FALSE
	EndGlobalSection
	GlobalSection(NestedProjects) = preSolution
		{40344259-FAAB-4A09-8C61-205D02DB096B} = {19765E74-C8DD-428B-8BF9-C4B046E68A83}
		{DC1D4E91-AD1C-4DBA-9700-B9621DF86370} = {5A95E085-721C-4616-A39A-693B98B6FE33}
		{AB140E8A-B3A1-4C7B-9ECA-49B069765B4D} = {5A95E085-721C-4616-A39A-693B98B6FE33}
		{69C3B907-346F-4F3A-87A6-7D6A1F1085FB} = {AB140E8A-B3A1-4C7B-9ECA-49B069765B4D}
		{BF95C44C-133D-418E-86D6-C4A9DD3B4D9F} = {5A95E085-721C-4616-A39A-693B98B6FE33}
		{F83C301E-7890-4252-A6B5-F1076BC04A4F} = {BF95C44C-133D-418E-86D6-C4A9DD3B4D9F}
		{58E673DC-B7E7-404E-915C-5D4164EAE103} = {BF95C44C-133D-418E-86D6-C4A9DD3B4D9F}
		{6A460D18-1689-45E6-BB29-2152FA0D9AD5} = {BF95C44C-133D-418E-86D6-C4A9DD3B4D9F}
		{1619B806-B35C-4146-BA98-013FC0A95702} = {BF95C44C-133D-418E-86D6-C4A9DD3B4D9F}
		{6DA06396-9D53-4619-BE63-657C414356A5} = {69C3B907-346F-4F3A-87A6-7D6A1F1085FB}
		{68F05DFD-964E-4FDB-BF72-C716E691242A} = {F83C301E-7890-4252-A6B5-F1076BC04A4F}
		{43B9541B-ED63-4A4C-80A1-D86F63B918CC} = {3925AD1A-D3F5-468B-8089-7B09DCFE4206}
		{7746939F-DE07-4A71-8B77-4D0299AE3802} = {3925AD1A-D3F5-468B-8089-7B09DCFE4206}
		{0F9A3313-301F-429D-8475-0225B8DEA999} = {6AC1BAF2-4AA8-4BE8-AF3A-324DD8CBD979}
		{1F2E6AD7-5593-4784-82F4-E622A3E7A3A2} = {6AC1BAF2-4AA8-4BE8-AF3A-324DD8CBD979}
		{3797B295-E8C9-4590-9ADD-C3E85A916D1F} = {BF95C44C-133D-418E-86D6-C4A9DD3B4D9F}
		{1873AAD9-323D-4AF6-8D4F-2BA64E29C674} = {3797B295-E8C9-4590-9ADD-C3E85A916D1F}
		{6AC1BAF2-4AA8-4BE8-AF3A-324DD8CBD979} = {DC1D4E91-AD1C-4DBA-9700-B9621DF86370}
		{AF56331D-087C-4C30-B8B8-68129CA0D369} = {6AC1BAF2-4AA8-4BE8-AF3A-324DD8CBD979}
		{A7FB4C5E-B88B-4DDD-9D1B-2E3020C08642} = {AB140E8A-B3A1-4C7B-9ECA-49B069765B4D}
		{244B0130-AE93-4B4B-9CDA-DADD7BED7190} = {1619B806-B35C-4146-BA98-013FC0A95702}
		{0036CD6F-A257-436F-9EFC-241E7C91D7A6} = {1619B806-B35C-4146-BA98-013FC0A95702}
		{F58531BF-EF14-4F2B-BF11-710AB889B2D3} = {0036CD6F-A257-436F-9EFC-241E7C91D7A6}
		{5888D44F-8943-41E7-BB0E-7C440367269D} = {F58531BF-EF14-4F2B-BF11-710AB889B2D3}
		{CDC4E244-1052-43C4-9199-FF7A69CAD0E8} = {0036CD6F-A257-436F-9EFC-241E7C91D7A6}
		{D75F0CA6-5DDE-4875-A86E-7BACD83AE7D1} = {CDC4E244-1052-43C4-9199-FF7A69CAD0E8}
		{5912F200-05DE-4927-A2EA-42A338735DCD} = {CDC4E244-1052-43C4-9199-FF7A69CAD0E8}
		{87C7C2B2-2788-486D-858D-2DE328265C59} = {DC1D4E91-AD1C-4DBA-9700-B9621DF86370}
		{3925AD1A-D3F5-468B-8089-7B09DCFE4206} = {DC1D4E91-AD1C-4DBA-9700-B9621DF86370}
	EndGlobalSection
	GlobalSection(ExtensibilityGlobals) = postSolution
		SolutionGuid = {558E31DA-7255-40CA-B269-3DDAFCC53D56}
	EndGlobalSection
EndGlobal
